# This file is generated by running "yarn install" inside your project.
# Manual changes might be lost - proceed with caution!

__metadata:
  version: 8
  cacheKey: 10c0

"@octokit/auth-token@npm:^4.0.0":
  version: 4.0.0
  resolution: "@octokit/auth-token@npm:4.0.0"
  checksum: 10c0/57acaa6c394c5abab2f74e8e1dcf4e7a16b236f713c77a54b8f08e2d14114de94b37946259e33ec2aab0566b26f724c2b71d2602352b59e541a9854897618f3c
  languageName: node
  linkType: hard

"@octokit/core@npm:^5.0.2":
  version: 5.2.0
  resolution: "@octokit/core@npm:5.2.0"
  dependencies:
    "@octokit/auth-token": "npm:^4.0.0"
    "@octokit/graphql": "npm:^7.1.0"
    "@octokit/request": "npm:^8.3.1"
    "@octokit/request-error": "npm:^5.1.0"
    "@octokit/types": "npm:^13.0.0"
    before-after-hook: "npm:^2.2.0"
    universal-user-agent: "npm:^6.0.0"
  checksum: 10c0/9dc5cf55b335da382f340ef74c8009c06a1f7157b0530d3ff6cacf179887811352dcd405448e37849d73f17b28970b7817995be2260ce902dad52b91905542f0
  languageName: node
  linkType: hard

"@octokit/endpoint@npm:^9.0.1":
  version: 9.0.5
  resolution: "@octokit/endpoint@npm:9.0.5"
  dependencies:
    "@octokit/types": "npm:^13.1.0"
    universal-user-agent: "npm:^6.0.0"
  checksum: 10c0/e9bbb2111abe691c146075abb1b6f724a9b77fa8bfefdaaa82b8ebad6c8790e949f2367bb0b79800fef93ad72807513333e83e8ffba389bc85215535f63534d9
  languageName: node
  linkType: hard

"@octokit/graphql@npm:^7.1.0":
  version: 7.1.0
  resolution: "@octokit/graphql@npm:7.1.0"
  dependencies:
    "@octokit/request": "npm:^8.3.0"
    "@octokit/types": "npm:^13.0.0"
    universal-user-agent: "npm:^6.0.0"
  checksum: 10c0/6d50a013d151f416fc837644e394e8b8872da7b17b181da119842ca569b0971e4dfacda55af6c329b51614e436945415dd5bd75eb3652055fdb754bbcd20d9d1
  languageName: node
  linkType: hard

"@octokit/openapi-types@npm:^20.0.0":
  version: 20.0.0
  resolution: "@octokit/openapi-types@npm:20.0.0"
  checksum: 10c0/5176dcc3b9d182ede3d446750cfa5cf31139624785a73fcf3511e3102a802b4d7cc45e999c27ed91d73fe8b7d718c8c406facb48688926921a71fe603b7db95d
  languageName: node
  linkType: hard

"@octokit/openapi-types@npm:^22.1.0":
  version: 22.1.0
  resolution: "@octokit/openapi-types@npm:22.1.0"
  checksum: 10c0/0cfed2219e8e69c832f4957086f5caf8a3a219608865a9e17c5b293ca0e7d95d3fe451a6dad096cbfc5452fc64cea3d91f7e233df0da76784c12a95bf1728e1f
  languageName: node
  linkType: hard

"@octokit/plugin-paginate-rest@npm:^9.1.5":
  version: 9.2.1
  resolution: "@octokit/plugin-paginate-rest@npm:9.2.1"
  dependencies:
    "@octokit/types": "npm:^12.6.0"
  peerDependencies:
    "@octokit/core": 5
  checksum: 10c0/1dc55032a9e0c3e6440080a319975c9e4f189913fbc8870a48048d0c712473ea3d902ba247a37a46d45d502859b2728731a0d285107e4b0fa628d380f87163b4
  languageName: node
  linkType: hard

"@octokit/plugin-request-log@npm:^4.0.0":
  version: 4.0.1
  resolution: "@octokit/plugin-request-log@npm:4.0.1"
  peerDependencies:
    "@octokit/core": 5
  checksum: 10c0/6f556f86258c5fbff9b1821075dc91137b7499f2ad0fd12391f0876064a6daa88abe1748336b2d483516505771d358aa15cb4bcdabc348a79e3d951fe9726798
  languageName: node
  linkType: hard

"@octokit/plugin-rest-endpoint-methods@npm:^10.2.0":
  version: 10.4.1
  resolution: "@octokit/plugin-rest-endpoint-methods@npm:10.4.1"
  dependencies:
    "@octokit/types": "npm:^12.6.0"
  peerDependencies:
    "@octokit/core": 5
  checksum: 10c0/4b8f64c0f7fa12464546ad312a5289c2a799967e01e90e2c4923ec6e9604cf212dcb50d9795c9a688867f973c9c529c5950368564c560406c652bcd298f090af
  languageName: node
  linkType: hard

"@octokit/request-error@npm:^5.1.0":
  version: 5.1.0
  resolution: "@octokit/request-error@npm:5.1.0"
  dependencies:
    "@octokit/types": "npm:^13.1.0"
    deprecation: "npm:^2.0.0"
    once: "npm:^1.4.0"
  checksum: 10c0/61e688abce17dd020ea1e343470b9758f294bfe5432c5cb24bdb5b9b10f90ecec1ecaaa13b48df9288409e0da14252f6579a20f609af155bd61dc778718b7738
  languageName: node
  linkType: hard

"@octokit/request@npm:^8.3.0, @octokit/request@npm:^8.3.1":
  version: 8.4.0
  resolution: "@octokit/request@npm:8.4.0"
  dependencies:
    "@octokit/endpoint": "npm:^9.0.1"
    "@octokit/request-error": "npm:^5.1.0"
    "@octokit/types": "npm:^13.1.0"
    universal-user-agent: "npm:^6.0.0"
  checksum: 10c0/b857782ac2ff5387e9cc502759de73ea642c498c97d06ad2ecd8a395e4b9532d9f3bc3fc460e0d3d0e8f0d43c917a90c493e43766d37782b3979d3afffbf1b4b
  languageName: node
  linkType: hard

"@octokit/rest@npm:20.1.0":
  version: 20.1.0
  resolution: "@octokit/rest@npm:20.1.0"
  dependencies:
    "@octokit/core": "npm:^5.0.2"
    "@octokit/plugin-paginate-rest": "npm:^9.1.5"
    "@octokit/plugin-request-log": "npm:^4.0.0"
    "@octokit/plugin-rest-endpoint-methods": "npm:^10.2.0"
  checksum: 10c0/0e87bed80e90b0ca1adb85d7cd2148771ed01279f039ec38249dcb5a2a17318b3eab90a519fa9e7af5b28a54cbc6a55be8453accabd8b675d9d46924f53501c9
  languageName: node
  linkType: hard

"@octokit/types@npm:^12.6.0":
  version: 12.6.0
  resolution: "@octokit/types@npm:12.6.0"
  dependencies:
    "@octokit/openapi-types": "npm:^20.0.0"
  checksum: 10c0/0bea58bda46c93287f5a80a0e52bc60e7dc7136b8a38c3569d63d073fb9df4a56acdb9d9bdba9978f37c374a4a6e3e52886ef5b08cace048adb0012cacef942c
  languageName: node
  linkType: hard

"@octokit/types@npm:^13.0.0, @octokit/types@npm:^13.1.0":
  version: 13.4.1
  resolution: "@octokit/types@npm:13.4.1"
  dependencies:
    "@octokit/openapi-types": "npm:^22.1.0"
  checksum: 10c0/19f6d500dbff704c40bfb6a82a2216e6cb6a58a1cd20909440670a448247b29ba86ec1ceebbd7181426f7755c5e27bc05c496855ec86b4179e1f57a8ef7b5880
  languageName: node
  linkType: hard

"@types/fs-extra@npm:^11.0.4":
  version: 11.0.4
  resolution: "@types/fs-extra@npm:11.0.4"
  dependencies:
    "@types/jsonfile": "npm:*"
    "@types/node": "npm:*"
  checksum: 10c0/9e34f9b24ea464f3c0b18c3f8a82aefc36dc524cc720fc2b886e5465abc66486ff4e439ea3fb2c0acebf91f6d3f74e514f9983b1f02d4243706bdbb7511796ad
  languageName: node
  linkType: hard

"@types/jsonfile@npm:*":
  version: 6.1.4
  resolution: "@types/jsonfile@npm:6.1.4"
  dependencies:
    "@types/node": "npm:*"
  checksum: 10c0/b12d068b021e4078f6ac4441353965769be87acf15326173e2aea9f3bf8ead41bd0ad29421df5bbeb0123ec3fc02eb0a734481d52903704a1454a1845896b9eb
  languageName: node
  linkType: hard

"@types/node@npm:*, @types/node@npm:>=20.12.5":
  version: 20.12.7
  resolution: "@types/node@npm:20.12.7"
  dependencies:
    undici-types: "npm:~5.26.4"
  checksum: 10c0/dce80d63a3b91892b321af823d624995c61e39c6a223cc0ac481a44d337640cc46931d33efb3beeed75f5c85c3bda1d97cef4c5cd4ec333caf5dee59cff6eca0
  languageName: node
  linkType: hard

"before-after-hook@npm:^2.2.0":
  version: 2.2.3
  resolution: "before-after-hook@npm:2.2.3"
  checksum: 10c0/0488c4ae12df758ca9d49b3bb27b47fd559677965c52cae7b335784724fb8bf96c42b6e5ba7d7afcbc31facb0e294c3ef717cc41c5bc2f7bd9e76f8b90acd31c
  languageName: node
  linkType: hard

"csv-stringify@npm:6.4.6":
  version: 6.4.6
  resolution: "csv-stringify@npm:6.4.6"
  checksum: 10c0/df23b1ff125a6b8634a5b1878b6255e6a666391c4e904b0105e5f23a0bfe1b1abe27cf6c7d8ea923557226b25d93b2b4ae1202fa6b0c17d3bcb0397e9078ff83
  languageName: node
  linkType: hard

"deprecation@npm:^2.0.0":
  version: 2.3.1
  resolution: "deprecation@npm:2.3.1"
  checksum: 10c0/23d688ba66b74d09b908c40a76179418acbeeb0bfdf218c8075c58ad8d0c315130cb91aa3dffb623aa3a411a3569ce56c6460de6c8d69071c17fe6dd2442f032
  languageName: node
  linkType: hard

"github-scripts@workspace:.":
  version: 0.0.0-use.local
  resolution: "github-scripts@workspace:."
  dependencies:
    "@octokit/rest": "npm:20.1.0"
    csv-stringify: "npm:6.4.6"
    zx: "npm:8.0.2"
  languageName: unknown
  linkType: soft

"once@npm:^1.4.0":
  version: 1.4.0
  resolution: "once@npm:1.4.0"
  dependencies:
    wrappy: "npm:1"
  checksum: 10c0/5d48aca287dfefabd756621c5dfce5c91a549a93e9fdb7b8246bc4c4790aa2ec17b34a260530474635147aeb631a2dcc8b32c613df0675f96041cbb8244517d0
  languageName: node
  linkType: hard

"undici-types@npm:~5.26.4":
  version: 5.26.5
  resolution: "undici-types@npm:5.26.5"
  checksum: 10c0/bb673d7876c2d411b6eb6c560e0c571eef4a01c1c19925175d16e3a30c4c428181fb8d7ae802a261f283e4166a0ac435e2f505743aa9e45d893f9a3df017b501
  languageName: node
  linkType: hard

"universal-user-agent@npm:^6.0.0":
  version: 6.0.1
  resolution: "universal-user-agent@npm:6.0.1"
  checksum: 10c0/5c9c46ffe19a975e11e6443640ed4c9e0ce48fcc7203325757a8414ac49940ebb0f4667f2b1fa561489d1eb22cb2d05a0f7c82ec20c5cba42e58e188fb19b187
  languageName: node
  linkType: hard

"wrappy@npm:1":
  version: 1.0.2
  resolution: "wrappy@npm:1.0.2"
  checksum: 10c0/56fece1a4018c6a6c8e28fbc88c87e0fbf4ea8fd64fc6c63b18f4acc4bd13e0ad2515189786dd2c30d3eec9663d70f4ecf699330002f8ccb547e4a18231fc9f0
  languageName: node
  linkType: hard

"zx@npm:8.0.2":
  version: 8.0.2
  resolution: "zx@npm:8.0.2"
  dependencies:
    "@types/fs-extra": "npm:^11.0.4"
    "@types/node": "npm:>=20.12.5"
  dependenciesMeta:
    "@types/fs-extra":
      optional: true
    "@types/node":
      optional: true
  bin:
    zx: build/cli.js
  checksum: 10c0/fd1dd3c7b6b0d9a3c692f40eba6a47665bc8e9b7030192227ada8a73b0c83fd7059452b87417a18c154746621e5fd67225bb39f51ccb7f8f7213924641f7983f
  languageName: node
  linkType: hard
